{
  "name": "best-lap",
  "version": "1.0.0",
  "lockfileVersion": 3,
  "requires": true,
  "packages": {
    "": {
      "name": "best-lap",
      "version": "1.0.0",
      "workspaces": [
        "apps/*",
        "packages/*",
        "config/*"
      ],
      "devDependencies": {
        "turbo": "^2.5.4"
      },
      "engines": {
        "node": ">=18"
      }
    },
    "apps/api": {
      "version": "1.0.0",
      "license": "ISC"
    },
    "apps/docs": {
      "version": "0.1.0",
      "extraneous": true,
      "dependencies": {
        "@repo/ui": "*",
        "next": "^15.3.0",
        "react": "^19.1.0",
        "react-dom": "^19.1.0"
      },
      "devDependencies": {
        "@repo/eslint-config": "*",
        "@repo/typescript-config": "*",
        "@types/node": "^22.15.3",
        "@types/react": "19.1.0",
        "@types/react-dom": "19.1.1",
        "eslint": "^9.30.0",
        "typescript": "5.8.2"
      }
    },
    "apps/web": {
      "version": "0.1.0",
      "extraneous": true,
      "dependencies": {
        "@repo/ui": "*",
        "next": "^15.3.0",
        "react": "^19.1.0",
        "react-dom": "^19.1.0"
      },
      "devDependencies": {
        "@repo/eslint-config": "*",
        "@repo/typescript-config": "*",
        "@types/node": "^22.15.3",
        "@types/react": "19.1.0",
        "@types/react-dom": "19.1.1",
        "eslint": "^9.30.0",
        "typescript": "5.8.2"
      }
    },
    "apps/worker": {
      "version": "1.0.0",
      "license": "ISC"
    },
    "config/eslint-config": {
      "name": "@best-lap/eslint-config",
      "version": "0.0.0",
      "devDependencies": {}
    },
    "config/prettier": {
      "name": "@best-lap/prettier",
      "version": "0.0.0",
      "devDependencies": {
        "prettier": "^3.6.2"
      }
    },
    "config/typescript-config": {
      "name": "@best-lap/typescript-config",
      "version": "0.0.0",
      "license": "MIT"
    },
    "node_modules/@best-lap/eslint-config": {
      "resolved": "config/eslint-config",
      "link": true
    },
    "node_modules/@best-lap/prettier": {
      "resolved": "config/prettier",
      "link": true
    },
    "node_modules/@best-lap/typescript-config": {
      "resolved": "config/typescript-config",
      "link": true
    },
    "node_modules/api": {
      "resolved": "apps/api",
      "link": true
    },
    "node_modules/prettier": {
      "version": "3.6.2",
      "resolved": "https://registry.npmjs.org/prettier/-/prettier-3.6.2.tgz",
      "integrity": "sha512-I7AIg5boAr5R0FFtJ6rCfD+LFsWHp81dolrFD8S79U9tb8Az2nGrJncnMSnys+bpQJfRUzqs9hnA81OAA3hCuQ==",
      "dev": true,
      "license": "MIT",
      "bin": {
        "prettier": "bin/prettier.cjs"
      },
      "engines": {
        "node": ">=14"
      },
      "funding": {
        "url": "https://github.com/prettier/prettier?sponsor=1"
      }
    },
    "node_modules/turbo": {
      "version": "2.5.4",
      "resolved": "https://registry.npmjs.org/turbo/-/turbo-2.5.4.tgz",
      "integrity": "sha512-kc8ZibdRcuWUG1pbYSBFWqmIjynlD8Lp7IB6U3vIzvOv9VG+6Sp8bzyeBWE3Oi8XV5KsQrznyRTBPvrf99E4mA==",
      "dev": true,
      "license": "MIT",
      "bin": {
        "turbo": "bin/turbo"
      },
      "optionalDependencies": {
        "turbo-darwin-64": "2.5.4",
        "turbo-darwin-arm64": "2.5.4",
        "turbo-linux-64": "2.5.4",
        "turbo-linux-arm64": "2.5.4",
        "turbo-windows-64": "2.5.4",
        "turbo-windows-arm64": "2.5.4"
      }
    },
    "node_modules/turbo-darwin-64": {
      "version": "2.5.4",
      "resolved": "https://registry.npmjs.org/turbo-darwin-64/-/turbo-darwin-64-2.5.4.tgz",
      "integrity": "sha512-ah6YnH2dErojhFooxEzmvsoZQTMImaruZhFPfMKPBq8sb+hALRdvBNLqfc8NWlZq576FkfRZ/MSi4SHvVFT9PQ==",
      "cpu": [
        "x64"
      ],
      "dev": true,
      "license": "MIT",
      "optional": true,
      "os": [
        "darwin"
      ]
    },
    "node_modules/turbo-darwin-arm64": {
      "version": "2.5.4",
      "resolved": "https://registry.npmjs.org/turbo-darwin-arm64/-/turbo-darwin-arm64-2.5.4.tgz",
      "integrity": "sha512-2+Nx6LAyuXw2MdXb7pxqle3MYignLvS7OwtsP9SgtSBaMlnNlxl9BovzqdYAgkUW3AsYiQMJ/wBRb7d+xemM5A==",
      "cpu": [
        "arm64"
      ],
      "dev": true,
      "license": "MIT",
      "optional": true,
      "os": [
        "darwin"
      ]
    },
    "node_modules/turbo-linux-64": {
      "version": "2.5.4",
      "resolved": "https://registry.npmjs.org/turbo-linux-64/-/turbo-linux-64-2.5.4.tgz",
      "integrity": "sha512-5May2kjWbc8w4XxswGAl74GZ5eM4Gr6IiroqdLhXeXyfvWEdm2mFYCSWOzz0/z5cAgqyGidF1jt1qzUR8hTmOA==",
      "cpu": [
        "x64"
      ],
      "dev": true,
      "license": "MIT",
      "optional": true,
      "os": [
        "linux"
      ]
    },
    "node_modules/turbo-linux-arm64": {
      "version": "2.5.4",
      "resolved": "https://registry.npmjs.org/turbo-linux-arm64/-/turbo-linux-arm64-2.5.4.tgz",
      "integrity": "sha512-/2yqFaS3TbfxV3P5yG2JUI79P7OUQKOUvAnx4MV9Bdz6jqHsHwc9WZPpO4QseQm+NvmgY6ICORnoVPODxGUiJg==",
      "cpu": [
        "arm64"
      ],
      "dev": true,
      "license": "MIT",
      "optional": true,
      "os": [
        "linux"
      ]
    },
    "node_modules/turbo-windows-64": {
      "version": "2.5.4",
      "resolved": "https://registry.npmjs.org/turbo-windows-64/-/turbo-windows-64-2.5.4.tgz",
      "integrity": "sha512-EQUO4SmaCDhO6zYohxIjJpOKRN3wlfU7jMAj3CgcyTPvQR/UFLEKAYHqJOnJtymbQmiiM/ihX6c6W6Uq0yC7mA==",
      "cpu": [
        "x64"
      ],
      "dev": true,
      "license": "MIT",
      "optional": true,
      "os": [
        "win32"
      ]
    },
    "node_modules/turbo-windows-arm64": {
      "version": "2.5.4",
      "resolved": "https://registry.npmjs.org/turbo-windows-arm64/-/turbo-windows-arm64-2.5.4.tgz",
      "integrity": "sha512-oQ8RrK1VS8lrxkLriotFq+PiF7iiGgkZtfLKF4DDKsmdbPo0O9R2mQxm7jHLuXraRCuIQDWMIw6dpcr7Iykf4A==",
      "cpu": [
        "arm64"
      ],
      "dev": true,
      "license": "MIT",
      "optional": true,
      "os": [
        "win32"
      ]
    },
    "node_modules/worker": {
      "resolved": "apps/worker",
      "link": true
    },
    "packages/eslint-config": {
      "name": "@repo/eslint-config",
      "version": "0.0.0",
      "extraneous": true,
      "devDependencies": {
        "@eslint/js": "^9.30.0",
        "@next/eslint-plugin-next": "^15.3.0",
        "eslint": "^9.30.0",
        "eslint-config-prettier": "^10.1.1",
        "eslint-plugin-only-warn": "^1.1.0",
        "eslint-plugin-react": "^7.37.5",
        "eslint-plugin-react-hooks": "^5.2.0",
        "eslint-plugin-turbo": "^2.5.0",
        "globals": "^16.2.0",
        "typescript": "^5.8.2",
        "typescript-eslint": "^8.35.0"
      }
    },
    "packages/typescript-config": {
      "name": "@repo/typescript-config",
      "version": "0.0.0",
      "extraneous": true,
      "license": "MIT"
    },
    "packages/ui": {
      "name": "@repo/ui",
      "version": "0.0.0",
      "extraneous": true,
      "dependencies": {
        "react": "^19.1.0",
        "react-dom": "^19.1.0"
      },
      "devDependencies": {
        "@repo/eslint-config": "*",
        "@repo/typescript-config": "*",
        "@turbo/gen": "^2.5.0",
        "@types/node": "^22.15.3",
        "@types/react": "19.1.0",
        "@types/react-dom": "19.1.1",
        "eslint": "^9.30.0",
        "typescript": "5.8.2"
      }
    }
  }
}
